
Microsoft Visual Studio Solution File, Format Version 12.00
# Visual Studio Version 17
VisualStudioVersion = 17.6.33815.320
MinimumVisualStudioVersion = 10.0.40219.1
Project("{FAE04EC0-301F-11D3-BF4B-00C04F79EFBC}") = "Demo", "Demo\Demo.csproj", "{43755FAA-851B-49F6-BB90-A74A3F74997B}"
EndProject
Global
	GlobalSection(SolutionConfigurationPlatforms) = preSolution
		Debug|Any CPU = Debug|Any CPU
		Release|Any CPU = Release|Any CPU
	EndGlobalSection
	GlobalSection(ProjectConfigurationPlatforms) = postSolution
		{43755FAA-851B-49F6-BB90-A74A3F74997B}.Debug|Any CPU.ActiveCfg = Debug|Any CPU
		{43755FAA-851B-49F6-BB90-A74A3F74997B}.Debug|Any CPU.Build.0 = Debug|Any CPU
		{43755FAA-851B-49F6-BB90-A74A3F74997B}.Release|Any CPU.ActiveCfg = Release|Any CPU
		{43755FAA-851B-49F6-BB90-A74A3F74997B}.Release|Any CPU.Build.0 = Release|Any CPU
	EndGlobalSection
	GlobalSection(SolutionProperties) = preSolution
		HideSolutionNode = FALSE
	EndGlobalSection
	GlobalSection(ExtensibilityGlobals) = postSolution
		SolutionGuid = {A8F7D498-17AE-4A60-AA28-0D4D71421AE7}
	EndGlobalSection
EndGlobal
